
Microsoft Visual Studio Solution File, Format Version 12.00
# Visual Studio 15
VisualStudioVersion = 15.0.28307.329
MinimumVisualStudioVersion = 10.0.40219.1
Project("{FAE04EC0-301F-11D3-BF4B-00C04F79EFBC}") = "SpaceJellyMONO", "SpaceJellyMONO\SpaceJellyMONO.csproj", "{27334E5D-2D96-4367-88AC-1C9396870A93}"
EndProject
Project("{FAE04EC0-301F-11D3-BF4B-00C04F79EFBC}") = "SkinnedModel", "SkinnedModel\SkinnedModel.csproj", "{61FC9C2F-4366-4346-9F43-7A35776DECC0}"
EndProject
Project("{FAE04EC0-301F-11D3-BF4B-00C04F79EFBC}") = "FSM", "FSM\FSM.csproj", "{BBCB69BB-BADF-452E-B290-57C804192E8E}"
EndProject
Global
	GlobalSection(SolutionConfigurationPlatforms) = preSolution
		Debug|Any CPU = Debug|Any CPU
		Debug|x86 = Debug|x86
		Release|Any CPU = Release|Any CPU
		Release|x86 = Release|x86
	EndGlobalSection
	GlobalSection(ProjectConfigurationPlatforms) = postSolution
		{27334E5D-2D96-4367-88AC-1C9396870A93}.Debug|Any CPU.ActiveCfg = Debug|x86
		{27334E5D-2D96-4367-88AC-1C9396870A93}.Debug|x86.ActiveCfg = Debug|x86
		{27334E5D-2D96-4367-88AC-1C9396870A93}.Debug|x86.Build.0 = Debug|x86
		{27334E5D-2D96-4367-88AC-1C9396870A93}.Release|Any CPU.ActiveCfg = Release|x86
		{27334E5D-2D96-4367-88AC-1C9396870A93}.Release|x86.ActiveCfg = Release|x86
		{27334E5D-2D96-4367-88AC-1C9396870A93}.Release|x86.Build.0 = Release|x86
		{61FC9C2F-4366-4346-9F43-7A35776DECC0}.Debug|Any CPU.ActiveCfg = Debug|Any CPU
		{61FC9C2F-4366-4346-9F43-7A35776DECC0}.Debug|Any CPU.Build.0 = Debug|Any CPU
		{61FC9C2F-4366-4346-9F43-7A35776DECC0}.Debug|x86.ActiveCfg = Debug|Any CPU
		{61FC9C2F-4366-4346-9F43-7A35776DECC0}.Debug|x86.Build.0 = Debug|Any CPU
		{61FC9C2F-4366-4346-9F43-7A35776DECC0}.Release|Any CPU.ActiveCfg = Release|Any CPU
		{61FC9C2F-4366-4346-9F43-7A35776DECC0}.Release|Any CPU.Build.0 = Release|Any CPU
		{61FC9C2F-4366-4346-9F43-7A35776DECC0}.Release|x86.ActiveCfg = Release|Any CPU
		{61FC9C2F-4366-4346-9F43-7A35776DECC0}.Release|x86.Build.0 = Release|Any CPU
		{BBCB69BB-BADF-452E-B290-57C804192E8E}.Debug|Any CPU.ActiveCfg = Debug|Any CPU
		{BBCB69BB-BADF-452E-B290-57C804192E8E}.Debug|Any CPU.Build.0 = Debug|Any CPU
		{BBCB69BB-BADF-452E-B290-57C804192E8E}.Debug|x86.ActiveCfg = Debug|Any CPU
		{BBCB69BB-BADF-452E-B290-57C804192E8E}.Debug|x86.Build.0 = Debug|Any CPU
		{BBCB69BB-BADF-452E-B290-57C804192E8E}.Release|Any CPU.ActiveCfg = Release|Any CPU
		{BBCB69BB-BADF-452E-B290-57C804192E8E}.Release|Any CPU.Build.0 = Release|Any CPU
		{BBCB69BB-BADF-452E-B290-57C804192E8E}.Release|x86.ActiveCfg = Release|Any CPU
		{BBCB69BB-BADF-452E-B290-57C804192E8E}.Release|x86.Build.0 = Release|Any CPU
	EndGlobalSection
	GlobalSection(SolutionProperties) = preSolution
		HideSolutionNode = FALSE
	EndGlobalSection
	GlobalSection(ExtensibilityGlobals) = postSolution
		SolutionGuid = {82803CAC-033E-49D1-96A7-5BC3823E9E96}
	EndGlobalSection
EndGlobal
